// !$*UTF8*$!
{
	archiveVersion = 1;
	classes = {
	};
	objectVersion = 46;
	objects = {

/* Begin PBXBuildFile section */
		8F5F1D721C8D9959008D8ABD /* useful.swift in Sources */ = {isa = PBXBuildFile; fileRef = 8F5F1D711C8D9959008D8ABD /* useful.swift */; };
		E5062D291C4CE1FC003E58DE /* Item.swift in Sources */ = {isa = PBXBuildFile; fileRef = E5062D281C4CE1FC003E58DE /* Item.swift */; };
		E5603F241C48F24B00738C3E /* AppDelegate.swift in Sources */ = {isa = PBXBuildFile; fileRef = E5603F231C48F24B00738C3E /* AppDelegate.swift */; };
		E5603F261C48F24B00738C3E /* HomeViewController.swift in Sources */ = {isa = PBXBuildFile; fileRef = E5603F251C48F24B00738C3E /* HomeViewController.swift */; };
		E5603F291C48F24B00738C3E /* Main.storyboard in Resources */ = {isa = PBXBuildFile; fileRef = E5603F271C48F24B00738C3E /* Main.storyboard */; };
		E5603F2B1C48F24B00738C3E /* Assets.xcassets in Resources */ = {isa = PBXBuildFile; fileRef = E5603F2A1C48F24B00738C3E /* Assets.xcassets */; };
		E5603F2E1C48F24B00738C3E /* LaunchScreen.storyboard in Resources */ = {isa = PBXBuildFile; fileRef = E5603F2C1C48F24B00738C3E /* LaunchScreen.storyboard */; };
		E58548031C4908EE00592B16 /* GameViewController.swift in Sources */ = {isa = PBXBuildFile; fileRef = E58548021C4908EE00592B16 /* GameViewController.swift */; };
		FEF66D80DCE25C160B3A8126 /* Pods_dueltime.framework in Frameworks */ = {isa = PBXBuildFile; fileRef = 7E5A7DFBA29E680470409BAB /* Pods_dueltime.framework */; };
/* End PBXBuildFile section */

/* Begin PBXFileReference section */
		7E5A7DFBA29E680470409BAB /* Pods_dueltime.framework */ = {isa = PBXFileReference; explicitFileType = wrapper.framework; includeInIndex = 0; path = Pods_dueltime.framework; sourceTree = BUILT_PRODUCTS_DIR; };
		83F509C43DECC0521C7E9CFB /* Pods-dueltime.debug.xcconfig */ = {isa = PBXFileReference; includeInIndex = 1; lastKnownFileType = text.xcconfig; name = "Pods-dueltime.debug.xcconfig"; path = "Pods/Target Support Files/Pods-dueltime/Pods-dueltime.debug.xcconfig"; sourceTree = "<group>"; };
		8F5F1D711C8D9959008D8ABD /* useful.swift */ = {isa = PBXFileReference; fileEncoding = 4; lastKnownFileType = sourcecode.swift; path = useful.swift; sourceTree = "<group>"; };
		E28961FC129F768348634B19 /* Pods-dueltime.release.xcconfig */ = {isa = PBXFileReference; includeInIndex = 1; lastKnownFileType = text.xcconfig; name = "Pods-dueltime.release.xcconfig"; path = "Pods/Target Support Files/Pods-dueltime/Pods-dueltime.release.xcconfig"; sourceTree = "<group>"; };
		E5062D281C4CE1FC003E58DE /* Item.swift */ = {isa = PBXFileReference; fileEncoding = 4; lastKnownFileType = sourcecode.swift; path = Item.swift; sourceTree = "<group>"; };
		E5603F201C48F24B00738C3E /* dueltime.app */ = {isa = PBXFileReference; explicitFileType = wrapper.application; includeInIndex = 0; path = dueltime.app; sourceTree = BUILT_PRODUCTS_DIR; };
		E5603F231C48F24B00738C3E /* AppDelegate.swift */ = {isa = PBXFileReference; lastKnownFileType = sourcecode.swift; path = AppDelegate.swift; sourceTree = "<group>"; };
		E5603F251C48F24B00738C3E /* HomeViewController.swift */ = {isa = PBXFileReference; lastKnownFileType = sourcecode.swift; path = HomeViewController.swift; sourceTree = "<group>"; };
		E5603F281C48F24B00738C3E /* Base */ = {isa = PBXFileReference; lastKnownFileType = file.storyboard; name = Base; path = Base.lproj/Main.storyboard; sourceTree = "<group>"; };
		E5603F2A1C48F24B00738C3E /* Assets.xcassets */ = {isa = PBXFileReference; lastKnownFileType = folder.assetcatalog; path = Assets.xcassets; sourceTree = "<group>"; };
		E5603F2D1C48F24B00738C3E /* Base */ = {isa = PBXFileReference; lastKnownFileType = file.storyboard; name = Base; path = Base.lproj/LaunchScreen.storyboard; sourceTree = "<group>"; };
		E5603F2F1C48F24B00738C3E /* Info.plist */ = {isa = PBXFileReference; lastKnownFileType = text.plist.xml; path = Info.plist; sourceTree = "<group>"; };
		E58548021C4908EE00592B16 /* GameViewController.swift */ = {isa = PBXFileReference; fileEncoding = 4; lastKnownFileType = sourcecode.swift; path = GameViewController.swift; sourceTree = "<group>"; };
/* End PBXFileReference section */

/* Begin PBXFrameworksBuildPhase section */
		E5603F1D1C48F24B00738C3E /* Frameworks */ = {
			isa = PBXFrameworksBuildPhase;
			buildActionMask = 2147483647;
			files = (
				FEF66D80DCE25C160B3A8126 /* Pods_dueltime.framework in Frameworks */,
			);
			runOnlyForDeploymentPostprocessing = 0;
		};
/* End PBXFrameworksBuildPhase section */

/* Begin PBXGroup section */
		4DB30B92D05C3BA3BAD00FDF /* Pods */ = {
			isa = PBXGroup;
			children = (
				83F509C43DECC0521C7E9CFB /* Pods-dueltime.debug.xcconfig */,
				E28961FC129F768348634B19 /* Pods-dueltime.release.xcconfig */,
			);
			name = Pods;
			sourceTree = "<group>";
		};
		9598AB83782D2CF15BD3257C /* Frameworks */ = {
			isa = PBXGroup;
			children = (
				7E5A7DFBA29E680470409BAB /* Pods_dueltime.framework */,
			);
			name = Frameworks;
			sourceTree = "<group>";
		};
		E5603F171C48F24B00738C3E = {
			isa = PBXGroup;
			children = (
				E5603F221C48F24B00738C3E /* dueltime */,
				E5603F211C48F24B00738C3E /* Products */,
				4DB30B92D05C3BA3BAD00FDF /* Pods */,
				9598AB83782D2CF15BD3257C /* Frameworks */,
			);
			sourceTree = "<group>";
		};
		E5603F211C48F24B00738C3E /* Products */ = {
			isa = PBXGroup;
			children = (
				E5603F201C48F24B00738C3E /* dueltime.app */,
			);
			name = Products;
			sourceTree = "<group>";
		};
		E5603F221C48F24B00738C3E /* dueltime */ = {
			isa = PBXGroup;
			children = (
				E5603F2C1C48F24B00738C3E /* LaunchScreen.storyboard */,
				E5603F231C48F24B00738C3E /* AppDelegate.swift */,
				E5603F2A1C48F24B00738C3E /* Assets.xcassets */,
				E5603F2F1C48F24B00738C3E /* Info.plist */,
				E5062D281C4CE1FC003E58DE /* Item.swift */,
				E5603F271C48F24B00738C3E /* Main.storyboard */,
				E5603F251C48F24B00738C3E /* HomeViewController.swift */,
				8F5F1D711C8D9959008D8ABD /* useful.swift */,
				E58548021C4908EE00592B16 /* GameViewController.swift */,
			);
			path = dueltime;
			sourceTree = "<group>";
		};
/* End PBXGroup section */

/* Begin PBXNativeTarget section */
		E5603F1F1C48F24B00738C3E /* dueltime */ = {
			isa = PBXNativeTarget;
			buildConfigurationList = E5603F321C48F24B00738C3E /* Build configuration list for PBXNativeTarget "dueltime" */;
			buildPhases = (
				0838AC05985187C948C40A99 /* Check Pods Manifest.lock */,
				E5603F1C1C48F24B00738C3E /* Sources */,
				E5603F1D1C48F24B00738C3E /* Frameworks */,
				E5603F1E1C48F24B00738C3E /* Resources */,
				E1F7B0544E9E710EC795A701 /* Embed Pods Frameworks */,
				15541949E3C5E3CE010D02F4 /* Copy Pods Resources */,
			);
			buildRules = (
			);
			dependencies = (
			);
			name = dueltime;
			productName = dueltime;
			productReference = E5603F201C48F24B00738C3E /* dueltime.app */;
			productType = "com.apple.product-type.application";
		};
/* End PBXNativeTarget section */

/* Begin PBXProject section */
		E5603F181C48F24B00738C3E /* Project object */ = {
			isa = PBXProject;
			attributes = {
				LastSwiftUpdateCheck = 0720;
				LastUpgradeCheck = 0720;
				ORGANIZATIONNAME = "Florent Taine";
				TargetAttributes = {
					E5603F1F1C48F24B00738C3E = {
						CreatedOnToolsVersion = 7.2;
						DevelopmentTeam = U77RKZN67X;
					};
				};
			};
			buildConfigurationList = E5603F1B1C48F24B00738C3E /* Build configuration list for PBXProject "dueltime" */;
			compatibilityVersion = "Xcode 3.2";
			developmentRegion = English;
			hasScannedForEncodings = 0;
			knownRegions = (
				en,
				Base,
			);
			mainGroup = E5603F171C48F24B00738C3E;
			productRefGroup = E5603F211C48F24B00738C3E /* Products */;
			projectDirPath = "";
			projectRoot = "";
			targets = (
				E5603F1F1C48F24B00738C3E /* dueltime */,
			);
		};
/* End PBXProject section */

/* Begin PBXResourcesBuildPhase section */
		E5603F1E1C48F24B00738C3E /* Resources */ = {
			isa = PBXResourcesBuildPhase;
			buildActionMask = 2147483647;
			files = (
				E5603F2E1C48F24B00738C3E /* LaunchScreen.storyboard in Resources */,
				E5603F2B1C48F24B00738C3E /* Assets.xcassets in Resources */,
				E5603F291C48F24B00738C3E /* Main.storyboard in Resources */,
			);
			runOnlyForDeploymentPostprocessing = 0;
		};
/* End PBXResourcesBuildPhase section */

/* Begin PBXShellScriptBuildPhase section */
		0838AC05985187C948C40A99 /* Check Pods Manifest.lock */ = {
			isa = PBXShellScriptBuildPhase;
			buildActionMask = 2147483647;
			files = (
			);
			inputPaths = (
			);
			name = "Check Pods Manifest.lock";
			outputPaths = (
			);
			runOnlyForDeploymentPostprocessing = 0;
			shellPath = /bin/sh;
			shellScript = "diff \"${PODS_ROOT}/../Podfile.lock\" \"${PODS_ROOT}/Manifest.lock\" > /dev/null\nif [[ $? != 0 ]] ; then\n    cat << EOM\nerror: The sandbox is not in sync with the Podfile.lock. Run 'pod install' or update your CocoaPods installation.\nEOM\n    exit 1\nfi\n";
			showEnvVarsInLog = 0;
		};
		15541949E3C5E3CE010D02F4 /* Copy Pods Resources */ = {
			isa = PBXShellScriptBuildPhase;
			buildActionMask = 2147483647;
			files = (
			);
			inputPaths = (
			);
			name = "Copy Pods Resources";
			outputPaths = (
			);
			runOnlyForDeploymentPostprocessing = 0;
			shellPath = /bin/sh;
			shellScript = "\"${SRCROOT}/Pods/Target Support Files/Pods-dueltime/Pods-dueltime-resources.sh\"\n";
			showEnvVarsInLog = 0;
		};
		E1F7B0544E9E710EC795A701 /* Embed Pods Frameworks */ = {
			isa = PBXShellScriptBuildPhase;
			buildActionMask = 2147483647;
			files = (
			);
			inputPaths = (
			);
			name = "Embed Pods Frameworks";
			outputPaths = (
			);
			runOnlyForDeploymentPostprocessing = 0;
			shellPath = /bin/sh;
			shellScript = "\"${SRCROOT}/Pods/Target Support Files/Pods-dueltime/Pods-dueltime-frameworks.sh\"\n";
			showEnvVarsInLog = 0;
		};
/* End PBXShellScriptBuildPhase section */

/* Begin PBXSourcesBuildPhase section */
		E5603F1C1C48F24B00738C3E /* Sources */ = {
			isa = PBXSourcesBuildPhase;
			buildActionMask = 2147483647;
			files = (
				8F5F1D721C8D9959008D8ABD /* useful.swift in Sources */,
				E5062D291C4CE1FC003E58DE /* Item.swift in Sources */,
				E5603F261C48F24B00738C3E /* HomeViewController.swift in Sources */,
				E58548031C4908EE00592B16 /* GameViewController.swift in Sources */,
				E5603F241C48F24B00738C3E /* AppDelegate.swift in Sources */,
			);
			runOnlyForDeploymentPostprocessing = 0;
		};
/* End PBXSourcesBuildPhase section */

/* Begin PBXVariantGroup section */
		E5603F271C48F24B00738C3E /* Main.storyboard */ = {
			isa = PBXVariantGroup;
			children = (
				E5603F281C48F24B00738C3E /* Base */,
			);
			name = Main.storyboard;
			sourceTree = "<group>";
		};
		E5603F2C1C48F24B00738C3E /* LaunchScreen.storyboard */ = {
			isa = PBXVariantGroup;
			children = (
				E5603F2D1C48F24B00738C3E /* Base */,
			);
			name = LaunchScreen.storyboard;
			sourceTree = "<group>";
		};
/* End PBXVariantGroup section */

/* Begin XCBuildConfiguration section */
		E5603F301C48F24B00738C3E /* Debug */ = {
			isa = XCBuildConfiguration;
			buildSettings = {
				ALWAYS_SEARCH_USER_PATHS = NO;
				CLANG_CXX_LANGUAGE_STANDARD = "gnu++0x";
				CLANG_CXX_LIBRARY = "libc++";
				CLANG_ENABLE_MODULES = YES;
				CLANG_ENABLE_OBJC_ARC = YES;
				CLANG_WARN_BOOL_CONVERSION = YES;
				CLANG_WARN_CONSTANT_CONVERSION = YES;
				CLANG_WARN_DIRECT_OBJC_ISA_USAGE = YES_ERROR;
				CLANG_WARN_EMPTY_BODY = YES;
				CLANG_WARN_ENUM_CONVERSION = YES;
				CLANG_WARN_INT_CONVERSION = YES;
				CLANG_WARN_OBJC_ROOT_CLASS = YES_ERROR;
				CLANG_WARN_UNREACHABLE_CODE = YES;
				CLANG_WARN__DUPLICATE_METHOD_MATCH = YES;
				"CODE_SIGN_IDENTITY[sdk=iphoneos*]" = "iPhone Developer";
				COPY_PHASE_STRIP = NO;
				DEBUG_INFORMATION_FORMAT = dwarf;
				ENABLE_STRICT_OBJC_MSGSEND = YES;
				ENABLE_TESTABILITY = YES;
				GCC_C_LANGUAGE_STANDARD = gnu99;
				GCC_DYNAMIC_NO_PIC = NO;
				GCC_NO_COMMON_BLOCKS = YES;
				GCC_OPTIMIZATION_LEVEL = 0;
				GCC_PREPROCESSOR_DEFINITIONS = (
					"DEBUG=1",
					"$(inherited)",
				);
				GCC_WARN_64_TO_32_BIT_CONVERSION = YES;
				GCC_WARN_ABOUT_RETURN_TYPE = YES_ERROR;
				GCC_WARN_UNDECLARED_SELECTOR = YES;
				GCC_WARN_UNINITIALIZED_AUTOS = YES_AGGRESSIVE;
				GCC_WARN_UNUSED_FUNCTION = YES;
				GCC_WARN_UNUSED_VARIABLE = YES;
				IPHONEOS_DEPLOYMENT_TARGET = 9.2;
				MTL_ENABLE_DEBUG_INFO = YES;
				ONLY_ACTIVE_ARCH = YES;
				SDKROOT = iphoneos;
				SWIFT_OPTIMIZATION_LEVEL = "-Onone";
			};
			name = Debug;
		};
		E5603F311C48F24B00738C3E /* Release */ = {
			isa = XCBuildConfiguration;
			buildSettings = {
				ALWAYS_SEARCH_USER_PATHS = NO;
				CLANG_CXX_LANGUAGE_STANDARD = "gnu++0x";
				CLANG_CXX_LIBRARY = "libc++";
				CLANG_ENABLE_MODULES = YES;
				CLANG_ENABLE_OBJC_ARC = YES;
				CLANG_WARN_BOOL_CONVERSION = YES;
				CLANG_WARN_CONSTANT_CONVERSION = YES;
				CLANG_WARN_DIRECT_OBJC_ISA_USAGE = YES_ERROR;
				CLANG_WARN_EMPTY_BODY = YES;
				CLANG_WARN_ENUM_CONVERSION = YES;
				CLANG_WARN_INT_CONVERSION = YES;
				CLANG_WARN_OBJC_ROOT_CLASS = YES_ERROR;
				CLANG_WARN_UNREACHABLE_CODE = YES;
				CLANG_WARN__DUPLICATE_METHOD_MATCH = YES;
				"CODE_SIGN_IDENTITY[sdk=iphoneos*]" = "iPhone Developer";
				COPY_PHASE_STRIP = NO;
				DEBUG_INFORMATION_FORMAT = "dwarf-with-dsym";
				ENABLE_NS_ASSERTIONS = NO;
				ENABLE_STRICT_OBJC_MSGSEND = YES;
				GCC_C_LANGUAGE_STANDARD = gnu99;
				GCC_NO_COMMON_BLOCKS = YES;
				GCC_WARN_64_TO_32_BIT_CONVERSION = YES;
				GCC_WARN_ABOUT_RETURN_TYPE = YES_ERROR;
				GCC_WARN_UNDECLARED_SELECTOR = YES;
				GCC_WARN_UNINITIALIZED_AUTOS = YES_AGGRESSIVE;
				GCC_WARN_UNUSED_FUNCTION = YES;
				GCC_WARN_UNUSED_VARIABLE = YES;
				IPHONEOS_DEPLOYMENT_TARGET = 9.2;
				MTL_ENABLE_DEBUG_INFO = NO;
				SDKROOT = iphoneos;
				VALIDATE_PRODUCT = YES;
			};
			name = Release;
		};
		E5603F331C48F24B00738C3E /* Debug */ = {
			isa = XCBuildConfiguration;
			baseConfigurationReference = 83F509C43DECC0521C7E9CFB /* Pods-dueltime.debug.xcconfig */;
			buildSettings = {
				ASSETCATALOG_COMPILER_APPICON_NAME = AppIcon;
				CLANG_ENABLE_MODULES = YES;
				CODE_SIGN_IDENTITY = "iPhone Developer";
				"CODE_SIGN_IDENTITY[sdk=iphoneos*]" = "iPhone Developer";
				FRAMEWORK_SEARCH_PATHS = "";
				INFOPLIST_FILE = dueltime/Info.plist;
				LD_RUNPATH_SEARCH_PATHS = "$(inherited) @executable_path/Frameworks";
				PRODUCT_BUNDLE_IDENTIFIER = eu.hanoldery.timeit;
				PRODUCT_NAME = "$(TARGET_NAME)";
				PROVISIONING_PROFILE = "";
				SWIFT_OPTIMIZATION_LEVEL = "-Onone";
			};
			name = Debug;
		};
		E5603F341C48F24B00738C3E /* Release */ = {
			isa = XCBuildConfiguration;
			baseConfigurationReference = E28961FC129F768348634B19 /* Pods-dueltime.release.xcconfig */;
			buildSettings = {
				ASSETCATALOG_COMPILER_APPICON_NAME = AppIcon;
				CLANG_ENABLE_MODULES = YES;
				CODE_SIGN_IDENTITY = "iPhone Developer";
				"CODE_SIGN_IDENTITY[sdk=iphoneos*]" = "iPhone Developer";
				FRAMEWORK_SEARCH_PATHS = "";
				INFOPLIST_FILE = dueltime/Info.plist;
				LD_RUNPATH_SEARCH_PATHS = "$(inherited) @executable_path/Frameworks";
				PRODUCT_BUNDLE_IDENTIFIER = eu.hanoldery.timeit;
				PRODUCT_NAME = "$(TARGET_NAME)";
				PROVISIONING_PROFILE = "";
			};
			name = Release;
		};
/* End XCBuildConfiguration section */

/* Begin XCConfigurationList section */
		E5603F1B1C48F24B00738C3E /* Build configuration list for PBXProject "dueltime" */ = {
			isa = XCConfigurationList;
			buildConfigurations = (
				E5603F301C48F24B00738C3E /* Debug */,
				E5603F311C48F24B00738C3E /* Release */,
			);
			defaultConfigurationIsVisible = 0;
			defaultConfigurationName = Release;
		};
		E5603F321C48F24B00738C3E /* Build configuration list for PBXNativeTarget "dueltime" */ = {
			isa = XCConfigurationList;
			buildConfigurations = (
				E5603F331C48F24B00738C3E /* Debug */,
				E5603F341C48F24B00738C3E /* Release */,
			);
			defaultConfigurationIsVisible = 0;
			defaultConfigurationName = Release;
		};
/* End XCConfigurationList section */
	};
	rootObject = E5603F181C48F24B00738C3E /* Project object */;
}
